<?xml version="1.0" encoding="utf-8"?>
<Project ToolsVersion="4.0" xmlns="http://schemas.microsoft.com/developer/msbuild/2003">
  <ItemGroup>
    <Filter Include="Source Files">
      <UniqueIdentifier>{4FC737F1-C7A5-4376-A066-2A32D752A2FF}</UniqueIdentifier>
      <Extensions>cpp;c;cc;cxx;def;odl;idl;hpj;bat;asm;asmx</Extensions>
    </Filter>
    <Filter Include="Header Files">
      <UniqueIdentifier>{93995380-89BD-4b04-88EB-625FBE52EBFB}</UniqueIdentifier>
      <Extensions>h;hh;hpp;hxx;hm;inl;inc;xsd</Extensions>
    </Filter>
    <Filter Include="Resource Files">
      <UniqueIdentifier>{67DA6AB6-F800-4c08-8B7A-83BB121AAD01}</UniqueIdentifier>
      <Extensions>rc;ico;cur;bmp;dlg;rc2;rct;bin;rgs;gif;jpg;jpeg;jpe;resx;tiff;tif;png;wav</Extensions>
    </Filter>
    <Filter Include="Source Files\Commands">
      <UniqueIdentifier>{d9b7d278-8acb-4315-bf21-76cea46bdd14}</UniqueIdentifier>
    </Filter>
    <Filter Include="Header Files\Commands">
      <UniqueIdentifier>{f9cffb64-428d-4757-8cc2-91f982c6006d}</UniqueIdentifier>
    </Filter>
    <Filter Include="Source Files\Utils">
      <UniqueIdentifier>{21005216-a213-4461-bd3a-444228a60642}</UniqueIdentifier>
    </Filter>
    <Filter Include="Header Files\Utils">
      <UniqueIdentifier>{b4b2947e-c599-48d1-a12f-b610e818447d}</UniqueIdentifier>
    </Filter>
    <Filter Include="Header Files\NTFS">
      <UniqueIdentifier>{d712c964-e149-4f6a-a37b-0ff1c98a2cf2}</UniqueIdentifier>
    </Filter>
    <Filter Include="Source Files\NTFS">
      <UniqueIdentifier>{939daecb-d675-444f-8123-2f2a88db1a30}</UniqueIdentifier>
    </Filter>
    <Filter Include="Other files">
      <UniqueIdentifier>{3c7a6abd-2fcc-40af-a9d5-97bf10420d63}</UniqueIdentifier>
    </Filter>
    <Filter Include="Source Files\Drive">
      <UniqueIdentifier>{7af2d745-f48a-4a40-9609-0df512780cfa}</UniqueIdentifier>
    </Filter>
    <Filter Include="Header Files\Drive">
      <UniqueIdentifier>{ecf5f47c-221e-40e8-83fa-5655440f0040}</UniqueIdentifier>
    </Filter>
    <Filter Include="Header Files\Bitlocker">
      <UniqueIdentifier>{0b244c9a-1243-4232-918f-1e4745d82215}</UniqueIdentifier>
    </Filter>
    <Filter Include="Source Files\Bitlocker">
      <UniqueIdentifier>{f2ff212a-06d4-48f5-af1d-c2ce3a3b2fa3}</UniqueIdentifier>
    </Filter>
    <Filter Include="Header Files\Compression">
      <UniqueIdentifier>{7d215bd9-efc3-42a9-a550-ee3ba1be1b7d}</UniqueIdentifier>
    </Filter>
    <Filter Include="Source Files\Compression">
      <UniqueIdentifier>{91e9b92c-3374-43d6-9138-b05d7476800b}</UniqueIdentifier>
    </Filter>
  </ItemGroup>
  <ItemGroup>
    <ClInclude Include="Sources\options.h">
      <Filter>Header Files</Filter>
    </ClInclude>
    <ClInclude Include="Sources\Commands\commands.h">
      <Filter>Header Files\Commands</Filter>
    </ClInclude>
    <ClInclude Include="Sources\Utils\buffer.h">
      <Filter>Header Files\Utils</Filter>
    </ClInclude>
    <ClInclude Include="Sources\Utils\constant_names.h">
      <Filter>Header Files\Utils</Filter>
    </ClInclude>
    <ClInclude Include="Sources\Utils\table.h">
      <Filter>Header Files\Utils</Filter>
    </ClInclude>
    <ClInclude Include="Sources\Utils\utils.h">
      <Filter>Header Files\Utils</Filter>
    </ClInclude>
    <ClInclude Include="Sources\NTFS\ntfs.h">
      <Filter>Header Files\NTFS</Filter>
    </ClInclude>
    <ClInclude Include="Sources\NTFS\ntfs_explorer.h">
      <Filter>Header Files\NTFS</Filter>
    </ClInclude>
    <ClInclude Include="Sources\NTFS\ntfs_index_entry.h">
      <Filter>Header Files\NTFS</Filter>
    </ClInclude>
    <ClInclude Include="Sources\NTFS\ntfs_mft.h">
      <Filter>Header Files\NTFS</Filter>
    </ClInclude>
    <ClInclude Include="Sources\NTFS\ntfs_mft_record.h">
      <Filter>Header Files\NTFS</Filter>
    </ClInclude>
    <ClInclude Include="Sources\NTFS\ntfs_reader.h">
      <Filter>Header Files\NTFS</Filter>
    </ClInclude>
    <ClInclude Include="Sources\Utils\crash_handler.h">
      <Filter>Header Files\Utils</Filter>
    </ClInclude>
    <ClInclude Include="Sources\Drive\disk.h">
      <Filter>Header Files\Drive</Filter>
    </ClInclude>
    <ClInclude Include="Sources\Drive\mbr_gpt.h">
      <Filter>Header Files\Drive</Filter>
    </ClInclude>
    <ClInclude Include="Sources\Drive\reader.h">
      <Filter>Header Files\Drive</Filter>
    </ClInclude>
    <ClInclude Include="Sources\Drive\vbr.h">
      <Filter>Header Files\Drive</Filter>
    </ClInclude>
    <ClInclude Include="Sources\Drive\volume.h">
      <Filter>Header Files\Drive</Filter>
    </ClInclude>
    <ClInclude Include="Sources\Bitlocker\bitlocker.h">
      <Filter>Header Files\Bitlocker</Filter>
    </ClInclude>
    <ClInclude Include="Sources\Bitlocker\fve.h">
      <Filter>Header Files\Bitlocker</Filter>
    </ClInclude>
    <ClInclude Include="Sources\Bitlocker\bek.h">
      <Filter>Header Files\Bitlocker</Filter>
    </ClInclude>
    <ClInclude Include="Sources\Bitlocker\password.h">
      <Filter>Header Files\Bitlocker</Filter>
    </ClInclude>
    <ClInclude Include="Sources\Bitlocker\recovery.h">
      <Filter>Header Files\Bitlocker</Filter>
    </ClInclude>
    <ClInclude Include="Sources\Bitlocker\decryption.h">
      <Filter>Header Files\Bitlocker</Filter>
    </ClInclude>
    <ClInclude Include="Sources\Compression\definitions.h">
      <Filter>Header Files\Compression</Filter>
    </ClInclude>
    <ClInclude Include="Sources\Utils\progress_bar.h">
      <Filter>Header Files\Utils</Filter>
    </ClInclude>
    <ClInclude Include="Sources\Drive\smart.h">
      <Filter>Header Files\Drive</Filter>
    </ClInclude>
  </ItemGroup>
  <ItemGroup>
    <ClCompile Include="Sources\main.cpp">
      <Filter>Source Files</Filter>
    </ClCompile>
    <ClCompile Include="Sources\options.cpp">
      <Filter>Source Files</Filter>
    </ClCompile>
    <ClCompile Include="Sources\Commands\command_gpt.cpp">
      <Filter>Source Files\Commands</Filter>
    </ClCompile>
    <ClCompile Include="Sources\Commands\command_help.cpp">
      <Filter>Source Files\Commands</Filter>
    </ClCompile>
    <ClCompile Include="Sources\Commands\command_info.cpp">
      <Filter>Source Files\Commands</Filter>
    </ClCompile>
    <ClCompile Include="Sources\Commands\command_mbr.cpp">
      <Filter>Source Files\Commands</Filter>
    </ClCompile>
    <ClCompile Include="Sources\Commands\command_fve.cpp">
      <Filter>Source Files\Commands</Filter>
    </ClCompile>
    <ClCompile Include="Sources\Utils\table.cpp">
      <Filter>Source Files\Utils</Filter>
    </ClCompile>
    <ClCompile Include="Sources\Utils\constant_names.cpp">
      <Filter>Source Files\Utils</Filter>
    </ClCompile>
    <ClCompile Include="Sources\Utils\utils.cpp">
      <Filter>Source Files\Utils</Filter>
    </ClCompile>
    <ClCompile Include="Sources\Commands\command_vbr.cpp">
      <Filter>Source Files\Commands</Filter>
    </ClCompile>
    <ClCompile Include="Sources\Commands\command_bitlocker.cpp">
      <Filter>Source Files\Commands</Filter>
    </ClCompile>
    <ClCompile Include="Sources\Commands\command_mft.cpp">
      <Filter>Source Files\Commands</Filter>
    </ClCompile>
    <ClCompile Include="Sources\Commands\command_usn.cpp">
      <Filter>Source Files\Commands</Filter>
    </ClCompile>
    <ClCompile Include="Sources\Commands\command_shell.cpp">
      <Filter>Source Files\Commands</Filter>
    </ClCompile>
    <ClCompile Include="Sources\Commands\command_logfile.cpp">
      <Filter>Source Files\Commands</Filter>
    </ClCompile>
    <ClCompile Include="Sources\Commands\command_undelete.cpp">
      <Filter>Source Files\Commands</Filter>
    </ClCompile>
    <ClCompile Include="Sources\Commands\command_bitdecrypt.cpp">
      <Filter>Source Files\Commands</Filter>
    </ClCompile>
    <ClCompile Include="Sources\NTFS\ntfs_explorer.cpp">
      <Filter>Source Files\NTFS</Filter>
    </ClCompile>
    <ClCompile Include="Sources\NTFS\ntfs_index_entry.cpp">
      <Filter>Source Files\NTFS</Filter>
    </ClCompile>
    <ClCompile Include="Sources\NTFS\ntfs_mft.cpp">
      <Filter>Source Files\NTFS</Filter>
    </ClCompile>
    <ClCompile Include="Sources\NTFS\ntfs_mft_record.cpp">
      <Filter>Source Files\NTFS</Filter>
    </ClCompile>
    <ClCompile Include="Sources\NTFS\ntfs_reader.cpp">
      <Filter>Source Files\NTFS</Filter>
    </ClCompile>
    <ClCompile Include="Sources\Commands\command_extract.cpp">
      <Filter>Source Files\Commands</Filter>
    </ClCompile>
    <ClCompile Include="Sources\Utils\crash_handler.cpp">
      <Filter>Source Files\Utils</Filter>
    </ClCompile>
    <ClCompile Include="Sources\Drive\disk.cpp">
      <Filter>Source Files\Drive</Filter>
    </ClCompile>
    <ClCompile Include="Sources\Drive\reader.cpp">
      <Filter>Source Files\Drive</Filter>
    </ClCompile>
    <ClCompile Include="Sources\Drive\volume.cpp">
      <Filter>Source Files\Drive</Filter>
    </ClCompile>
    <ClCompile Include="Sources\Bitlocker\bitlocker.cpp">
      <Filter>Source Files\Bitlocker</Filter>
    </ClCompile>
    <ClCompile Include="Sources\Bitlocker\bek.cpp">
      <Filter>Source Files\Bitlocker</Filter>
    </ClCompile>
    <ClCompile Include="Sources\Bitlocker\password.cpp">
      <Filter>Source Files\Bitlocker</Filter>
    </ClCompile>
    <ClCompile Include="Sources\Bitlocker\recovery.cpp">
      <Filter>Source Files\Bitlocker</Filter>
    </ClCompile>
    <ClCompile Include="Sources\Bitlocker\decryption.cpp">
      <Filter>Source Files\Bitlocker</Filter>
    </ClCompile>
    <ClCompile Include="Sources\Commands\command_reparse.cpp">
      <Filter>Source Files\Commands</Filter>
    </ClCompile>
    <ClCompile Include="Sources\Commands\command_image.cpp">
      <Filter>Source Files\Commands</Filter>
    </ClCompile>
    <ClCompile Include="Sources\Commands\command_shadow.cpp">
      <Filter>Source Files\Commands</Filter>
    </ClCompile>
    <ClCompile Include="Sources\Commands\command_smart.cpp">
      <Filter>Source Files\Commands</Filter>
    </ClCompile>
  </ItemGroup>
  <ItemGroup>
    <None Include="README.md">
      <Filter>Other files</Filter>
    </None>
    <None Include="LICENSE">
      <Filter>Other files</Filter>
    </None>
  </ItemGroup>
</Project>